// !$*UTF8*$!
{
	archiveVersion = 1;
	classes = {
	};
	objectVersion = 50;
	objects = {

/* Begin PBXBuildFile section */
		78DC3DE92D21AC0500471188 /* AppDelegate.swift in Sources */ = {isa = PBXBuildFile; fileRef = 78DC3DE82D21AC0500471188 /* AppDelegate.swift */; };
		78DC3DEB2D21AC0500471188 /* ViewController.swift in Sources */ = {isa = PBXBuildFile; fileRef = 78DC3DEA2D21AC0500471188 /* ViewController.swift */; };
		78DC3DEE2D21AC0500471188 /* Main.storyboard in Resources */ = {isa = PBXBuildFile; fileRef = 78DC3DEC2D21AC0500471188 /* Main.storyboard */; };
		78DC3DF12D21AC0500471188 /* CurrencyConverter.xcdatamodeld in Sources */ = {isa = PBXBuildFile; fileRef = 78DC3DEF2D21AC0500471188 /* CurrencyConverter.xcdatamodeld */; };
		78DC3DF32D21AC0A00471188 /* Assets.xcassets in Resources */ = {isa = PBXBuildFile; fileRef = 78DC3DF22D21AC0A00471188 /* Assets.xcassets */; };
		78DC3DF62D21AC0A00471188 /* LaunchScreen.storyboard in Resources */ = {isa = PBXBuildFile; fileRef = 78DC3DF42D21AC0A00471188 /* LaunchScreen.storyboard */; };
		78DC3E012D21AC0A00471188 /* CurrencyConverterTests.swift in Sources */ = {isa = PBXBuildFile; fileRef = 78DC3E002D21AC0A00471188 /* CurrencyConverterTests.swift */; };
		78DC3E0C2D21AC0A00471188 /* CurrencyConverterUITests.swift in Sources */ = {isa = PBXBuildFile; fileRef = 78DC3E0B2D21AC0A00471188 /* CurrencyConverterUITests.swift */; };
/* End PBXBuildFile section */

/* Begin PBXContainerItemProxy section */
		78DC3DFD2D21AC0A00471188 /* PBXContainerItemProxy */ = {
			isa = PBXContainerItemProxy;
			containerPortal = 78DC3DDD2D21AC0500471188 /* Project object */;
			proxyType = 1;
			remoteGlobalIDString = 78DC3DE42D21AC0500471188;
			remoteInfo = CurrencyConverter;
		};
		78DC3E082D21AC0A00471188 /* PBXContainerItemProxy */ = {
			isa = PBXContainerItemProxy;
			containerPortal = 78DC3DDD2D21AC0500471188 /* Project object */;
			proxyType = 1;
			remoteGlobalIDString = 78DC3DE42D21AC0500471188;
			remoteInfo = CurrencyConverter;
		};
/* End PBXContainerItemProxy section */

/* Begin PBXFileReference section */
		78DC3DE52D21AC0500471188 /* CurrencyConverter.app */ = {isa = PBXFileReference; explicitFileType = wrapper.application; includeInIndex = 0; path = CurrencyConverter.app; sourceTree = BUILT_PRODUCTS_DIR; };
		78DC3DE82D21AC0500471188 /* AppDelegate.swift */ = {isa = PBXFileReference; lastKnownFileType = sourcecode.swift; path = AppDelegate.swift; sourceTree = "<group>"; };
		78DC3DEA2D21AC0500471188 /* ViewController.swift */ = {isa = PBXFileReference; lastKnownFileType = sourcecode.swift; path = ViewController.swift; sourceTree = "<group>"; };
		78DC3DED2D21AC0500471188 /* Base */ = {isa = PBXFileReference; lastKnownFileType = file.storyboard; name = Base; path = Base.lproj/Main.storyboard; sourceTree = "<group>"; };
		78DC3DF02D21AC0500471188 /* CurrencyConverter.xcdatamodel */ = {isa = PBXFileReference; lastKnownFileType = wrapper.xcdatamodel; path = CurrencyConverter.xcdatamodel; sourceTree = "<group>"; };
		78DC3DF22D21AC0A00471188 /* Assets.xcassets */ = {isa = PBXFileReference; lastKnownFileType = folder.assetcatalog; path = Assets.xcassets; sourceTree = "<group>"; };
		78DC3DF52D21AC0A00471188 /* Base */ = {isa = PBXFileReference; lastKnownFileType = file.storyboard; name = Base; path = Base.lproj/LaunchScreen.storyboard; sourceTree = "<group>"; };
		78DC3DF72D21AC0A00471188 /* Info.plist */ = {isa = PBXFileReference; lastKnownFileType = text.plist.xml; path = Info.plist; sourceTree = "<group>"; };
		78DC3DFC2D21AC0A00471188 /* CurrencyConverterTests.xctest */ = {isa = PBXFileReference; explicitFileType = wrapper.cfbundle; includeInIndex = 0; path = CurrencyConverterTests.xctest; sourceTree = BUILT_PRODUCTS_DIR; };
		78DC3E002D21AC0A00471188 /* CurrencyConverterTests.swift */ = {isa = PBXFileReference; lastKnownFileType = sourcecode.swift; path = CurrencyConverterTests.swift; sourceTree = "<group>"; };
		78DC3E022D21AC0A00471188 /* Info.plist */ = {isa = PBXFileReference; lastKnownFileType = text.plist.xml; path = Info.plist; sourceTree = "<group>"; };
		78DC3E072D21AC0A00471188 /* CurrencyConverterUITests.xctest */ = {isa = PBXFileReference; explicitFileType = wrapper.cfbundle; includeInIndex = 0; path = CurrencyConverterUITests.xctest; sourceTree = BUILT_PRODUCTS_DIR; };
		78DC3E0B2D21AC0A00471188 /* CurrencyConverterUITests.swift */ = {isa = PBXFileReference; lastKnownFileType = sourcecode.swift; path = CurrencyConverterUITests.swift; sourceTree = "<group>"; };
		78DC3E0D2D21AC0A00471188 /* Info.plist */ = {isa = PBXFileReference; lastKnownFileType = text.plist.xml; path = Info.plist; sourceTree = "<group>"; };
/* End PBXFileReference section */

/* Begin PBXFrameworksBuildPhase section */
		78DC3DE22D21AC0500471188 /* Frameworks */ = {
			isa = PBXFrameworksBuildPhase;
			buildActionMask = 2147483647;
			files = (
			);
			runOnlyForDeploymentPostprocessing = 0;
		};
		78DC3DF92D21AC0A00471188 /* Frameworks */ = {
			isa = PBXFrameworksBuildPhase;
			buildActionMask = 2147483647;
			files = (
			);
			runOnlyForDeploymentPostprocessing = 0;
		};
		78DC3E042D21AC0A00471188 /* Frameworks */ = {
			isa = PBXFrameworksBuildPhase;
			buildActionMask = 2147483647;
			files = (
			);
			runOnlyForDeploymentPostprocessing = 0;
		};
/* End PBXFrameworksBuildPhase section */

/* Begin PBXGroup section */
		78DC3DDC2D21AC0500471188 = {
			isa = PBXGroup;
			children = (
				78DC3DE72D21AC0500471188 /* CurrencyConverter */,
				78DC3DFF2D21AC0A00471188 /* CurrencyConverterTests */,
				78DC3E0A2D21AC0A00471188 /* CurrencyConverterUITests */,
				78DC3DE62D21AC0500471188 /* Products */,
			);
			sourceTree = "<group>";
		};
		78DC3DE62D21AC0500471188 /* Products */ = {
			isa = PBXGroup;
			children = (
				78DC3DE52D21AC0500471188 /* CurrencyConverter.app */,
				78DC3DFC2D21AC0A00471188 /* CurrencyConverterTests.xctest */,
				78DC3E072D21AC0A00471188 /* CurrencyConverterUITests.xctest */,
			);
			name = Products;
			sourceTree = "<group>";
		};
		78DC3DE72D21AC0500471188 /* CurrencyConverter */ = {
			isa = PBXGroup;
			children = (
				78DC3DE82D21AC0500471188 /* AppDelegate.swift */,
				78DC3DEA2D21AC0500471188 /* ViewController.swift */,
				78DC3DEC2D21AC0500471188 /* Main.storyboard */,
				78DC3DF22D21AC0A00471188 /* Assets.xcassets */,
				78DC3DF42D21AC0A00471188 /* LaunchScreen.storyboard */,
				78DC3DF72D21AC0A00471188 /* Info.plist */,
				78DC3DEF2D21AC0500471188 /* CurrencyConverter.xcdatamodeld */,
			);
			path = CurrencyConverter;
			sourceTree = "<group>";
		};
		78DC3DFF2D21AC0A00471188 /* CurrencyConverterTests */ = {
			isa = PBXGroup;
			children = (
				78DC3E002D21AC0A00471188 /* CurrencyConverterTests.swift */,
				78DC3E022D21AC0A00471188 /* Info.plist */,
			);
			path = CurrencyConverterTests;
			sourceTree = "<group>";
		};
		78DC3E0A2D21AC0A00471188 /* CurrencyConverterUITests */ = {
			isa = PBXGroup;
			children = (
				78DC3E0B2D21AC0A00471188 /* CurrencyConverterUITests.swift */,
				78DC3E0D2D21AC0A00471188 /* Info.plist */,
			);
			path = CurrencyConverterUITests;
			sourceTree = "<group>";
		};
/* End PBXGroup section */

/* Begin PBXNativeTarget section */
		78DC3DE42D21AC0500471188 /* CurrencyConverter */ = {
			isa = PBXNativeTarget;
			buildConfigurationList = 78DC3E102D21AC0A00471188 /* Build configuration list for PBXNativeTarget "CurrencyConverter" */;
			buildPhases = (
				78DC3DE12D21AC0500471188 /* Sources */,
				78DC3DE22D21AC0500471188 /* Frameworks */,
				78DC3DE32D21AC0500471188 /* Resources */,
			);
			buildRules = (
			);
			dependencies = (
			);
			name = CurrencyConverter;
			productName = CurrencyConverter;
			productReference = 78DC3DE52D21AC0500471188 /* CurrencyConverter.app */;
			productType = "com.apple.product-type.application";
		};
		78DC3DFB2D21AC0A00471188 /* CurrencyConverterTests */ = {
			isa = PBXNativeTarget;
			buildConfigurationList = 78DC3E132D21AC0A00471188 /* Build configuration list for PBXNativeTarget "CurrencyConverterTests" */;
			buildPhases = (
				78DC3DF82D21AC0A00471188 /* Sources */,
				78DC3DF92D21AC0A00471188 /* Frameworks */,
				78DC3DFA2D21AC0A00471188 /* Resources */,
			);
			buildRules = (
			);
			dependencies = (
				78DC3DFE2D21AC0A00471188 /* PBXTargetDependency */,
			);
			name = CurrencyConverterTests;
			productName = CurrencyConverterTests;
			productReference = 78DC3DFC2D21AC0A00471188 /* CurrencyConverterTests.xctest */;
			productType = "com.apple.product-type.bundle.unit-test";
		};
		78DC3E062D21AC0A00471188 /* CurrencyConverterUITests */ = {
			isa = PBXNativeTarget;
			buildConfigurationList = 78DC3E162D21AC0A00471188 /* Build configuration list for PBXNativeTarget "CurrencyConverterUITests" */;
			buildPhases = (
				78DC3E032D21AC0A00471188 /* Sources */,
				78DC3E042D21AC0A00471188 /* Frameworks */,
				78DC3E052D21AC0A00471188 /* Resources */,
			);
			buildRules = (
			);
			dependencies = (
				78DC3E092D21AC0A00471188 /* PBXTargetDependency */,
			);
			name = CurrencyConverterUITests;
			productName = CurrencyConverterUITests;
			productReference = 78DC3E072D21AC0A00471188 /* CurrencyConverterUITests.xctest */;
			productType = "com.apple.product-type.bundle.ui-testing";
		};
/* End PBXNativeTarget section */

/* Begin PBXProject section */
		78DC3DDD2D21AC0500471188 /* Project object */ = {
			isa = PBXProject;
			attributes = {
				LastSwiftUpdateCheck = 1010;
				LastUpgradeCheck = 1010;
				ORGANIZATIONNAME = Aroskay;
				TargetAttributes = {
					78DC3DE42D21AC0500471188 = {
						CreatedOnToolsVersion = 10.1;
					};
					78DC3DFB2D21AC0A00471188 = {
						CreatedOnToolsVersion = 10.1;
						TestTargetID = 78DC3DE42D21AC0500471188;
					};
					78DC3E062D21AC0A00471188 = {
						CreatedOnToolsVersion = 10.1;
						TestTargetID = 78DC3DE42D21AC0500471188;
					};
				};
			};
			buildConfigurationList = 78DC3DE02D21AC0500471188 /* Build configuration list for PBXProject "CurrencyConverter" */;
			compatibilityVersion = "Xcode 9.3";
			developmentRegion = en;
			hasScannedForEncodings = 0;
			knownRegions = (
				en,
				Base,
			);
			mainGroup = 78DC3DDC2D21AC0500471188;
			productRefGroup = 78DC3DE62D21AC0500471188 /* Products */;
			projectDirPath = "";
			projectRoot = "";
			targets = (
				78DC3DE42D21AC0500471188 /* CurrencyConverter */,
				78DC3DFB2D21AC0A00471188 /* CurrencyConverterTests */,
				78DC3E062D21AC0A00471188 /* CurrencyConverterUITests */,
			);
		};
/* End PBXProject section */

/* Begin PBXResourcesBuildPhase section */
		78DC3DE32D21AC0500471188 /* Resources */ = {
			isa = PBXResourcesBuildPhase;
			buildActionMask = 2147483647;
			files = (
				78DC3DF62D21AC0A00471188 /* LaunchScreen.storyboard in Resources */,
				78DC3DF32D21AC0A00471188 /* Assets.xcassets in Resources */,
				78DC3DEE2D21AC0500471188 /* Main.storyboard in Resources */,
			);
			runOnlyForDeploymentPostprocessing = 0;
		};
		78DC3DFA2D21AC0A00471188 /* Resources */ = {
			isa = PBXResourcesBuildPhase;
			buildActionMask = 2147483647;
			files = (
			);
			runOnlyForDeploymentPostprocessing = 0;
		};
		78DC3E052D21AC0A00471188 /* Resources */ = {
			isa = PBXResourcesBuildPhase;
			buildActionMask = 2147483647;
			files = (
			);
			runOnlyForDeploymentPostprocessing = 0;
		};
/* End PBXResourcesBuildPhase section */

/* Begin PBXSourcesBuildPhase section */
		78DC3DE12D21AC0500471188 /* Sources */ = {
			isa = PBXSourcesBuildPhase;
			buildActionMask = 2147483647;
			files = (
				78DC3DEB2D21AC0500471188 /* ViewController.swift in Sources */,
				78DC3DE92D21AC0500471188 /* AppDelegate.swift in Sources */,
				78DC3DF12D21AC0500471188 /* CurrencyConverter.xcdatamodeld in Sources */,
			);
			runOnlyForDeploymentPostprocessing = 0;
		};
		78DC3DF82D21AC0A00471188 /* Sources */ = {
			isa = PBXSourcesBuildPhase;
			buildActionMask = 2147483647;
			files = (
				78DC3E012D21AC0A00471188 /* CurrencyConverterTests.swift in Sources */,
			);
			runOnlyForDeploymentPostprocessing = 0;
		};
		78DC3E032D21AC0A00471188 /* Sources */ = {
			isa = PBXSourcesBuildPhase;
			buildActionMask = 2147483647;
			files = (
				78DC3E0C2D21AC0A00471188 /* CurrencyConverterUITests.swift in Sources */,
			);
			runOnlyForDeploymentPostprocessing = 0;
		};
/* End PBXSourcesBuildPhase section */

/* Begin PBXTargetDependency section */
		78DC3DFE2D21AC0A00471188 /* PBXTargetDependency */ = {
			isa = PBXTargetDependency;
			target = 78DC3DE42D21AC0500471188 /* CurrencyConverter */;
			targetProxy = 78DC3DFD2D21AC0A00471188 /* PBXContainerItemProxy */;
		};
		78DC3E092D21AC0A00471188 /* PBXTargetDependency */ = {
			isa = PBXTargetDependency;
			target = 78DC3DE42D21AC0500471188 /* CurrencyConverter */;
			targetProxy = 78DC3E082D21AC0A00471188 /* PBXContainerItemProxy */;
		};
/* End PBXTargetDependency section */

/* Begin PBXVariantGroup section */
		78DC3DEC2D21AC0500471188 /* Main.storyboard */ = {
			isa = PBXVariantGroup;
			children = (
				78DC3DED2D21AC0500471188 /* Base */,
			);
			name = Main.storyboard;
			sourceTree = "<group>";
		};
		78DC3DF42D21AC0A00471188 /* LaunchScreen.storyboard */ = {
			isa = PBXVariantGroup;
			children = (
				78DC3DF52D21AC0A00471188 /* Base */,
			);
			name = LaunchScreen.storyboard;
			sourceTree = "<group>";
		};
/* End PBXVariantGroup section */

/* Begin XCBuildConfiguration section */
		78DC3E0E2D21AC0A00471188 /* Debug */ = {
			isa = XCBuildConfiguration;
			buildSettings = {
				ALWAYS_SEARCH_USER_PATHS = NO;
				CLANG_ANALYZER_NONNULL = YES;
				CLANG_ANALYZER_NUMBER_OBJECT_CONVERSION = YES_AGGRESSIVE;
				CLANG_CXX_LANGUAGE_STANDARD = "gnu++14";
				CLANG_CXX_LIBRARY = "libc++";
				CLANG_ENABLE_MODULES = YES;
				CLANG_ENABLE_OBJC_ARC = YES;
				CLANG_ENABLE_OBJC_WEAK = YES;
				CLANG_WARN_BLOCK_CAPTURE_AUTORELEASING = YES;
				CLANG_WARN_BOOL_CONVERSION = YES;
				CLANG_WARN_COMMA = YES;
				CLANG_WARN_CONSTANT_CONVERSION = YES;
				CLANG_WARN_DEPRECATED_OBJC_IMPLEMENTATIONS = YES;
				CLANG_WARN_DIRECT_OBJC_ISA_USAGE = YES_ERROR;
				CLANG_WARN_DOCUMENTATION_COMMENTS = YES;
				CLANG_WARN_EMPTY_BODY = YES;
				CLANG_WARN_ENUM_CONVERSION = YES;
				CLANG_WARN_INFINITE_RECURSION = YES;
				CLANG_WARN_INT_CONVERSION = YES;
				CLANG_WARN_NON_LITERAL_NULL_CONVERSION = YES;
				CLANG_WARN_OBJC_IMPLICIT_RETAIN_SELF = YES;
				CLANG_WARN_OBJC_LITERAL_CONVERSION = YES;
				CLANG_WARN_OBJC_ROOT_CLASS = YES_ERROR;
				CLANG_WARN_RANGE_LOOP_ANALYSIS = YES;
				CLANG_WARN_STRICT_PROTOTYPES = YES;
				CLANG_WARN_SUSPICIOUS_MOVE = YES;
				CLANG_WARN_UNGUARDED_AVAILABILITY = YES_AGGRESSIVE;
				CLANG_WARN_UNREACHABLE_CODE = YES;
				CLANG_WARN__DUPLICATE_METHOD_MATCH = YES;
				CODE_SIGN_IDENTITY = "iPhone Developer";
				COPY_PHASE_STRIP = NO;
				DEBUG_INFORMATION_FORMAT = dwarf;
				ENABLE_STRICT_OBJC_MSGSEND = YES;
				ENABLE_TESTABILITY = YES;
				GCC_C_LANGUAGE_STANDARD = gnu11;
				GCC_DYNAMIC_NO_PIC = NO;
				GCC_NO_COMMON_BLOCKS = YES;
				GCC_OPTIMIZATION_LEVEL = 0;
				GCC_PREPROCESSOR_DEFINITIONS = (
					"DEBUG=1",
					"$(inherited)",
				);
				GCC_WARN_64_TO_32_BIT_CONVERSION = YES;
				GCC_WARN_ABOUT_RETURN_TYPE = YES_ERROR;
				GCC_WARN_UNDECLARED_SELECTOR = YES;
				GCC_WARN_UNINITIALIZED_AUTOS = YES_AGGRESSIVE;
				GCC_WARN_UNUSED_FUNCTION = YES;
				GCC_WARN_UNUSED_VARIABLE = YES;
				IPHONEOS_DEPLOYMENT_TARGET = 12.1;
				MTL_ENABLE_DEBUG_INFO = INCLUDE_SOURCE;
				MTL_FAST_MATH = YES;
				ONLY_ACTIVE_ARCH = YES;
				SDKROOT = iphoneos;
				SWIFT_ACTIVE_COMPILATION_CONDITIONS = DEBUG;
				SWIFT_OPTIMIZATION_LEVEL = "-Onone";
			};
			name = Debug;
		};
		78DC3E0F2D21AC0A00471188 /* Release */ = {
			isa = XCBuildConfiguration;
			buildSettings = {
				ALWAYS_SEARCH_USER_PATHS = NO;
				CLANG_ANALYZER_NONNULL = YES;
				CLANG_ANALYZER_NUMBER_OBJECT_CONVERSION = YES_AGGRESSIVE;
				CLANG_CXX_LANGUAGE_STANDARD = "gnu++14";
				CLANG_CXX_LIBRARY = "libc++";
				CLANG_ENABLE_MODULES = YES;
				CLANG_ENABLE_OBJC_ARC = YES;
				CLANG_ENABLE_OBJC_WEAK = YES;
				CLANG_WARN_BLOCK_CAPTURE_AUTORELEASING = YES;
				CLANG_WARN_BOOL_CONVERSION = YES;
				CLANG_WARN_COMMA = YES;
				CLANG_WARN_CONSTANT_CONVERSION = YES;
				CLANG_WARN_DEPRECATED_OBJC_IMPLEMENTATIONS = YES;
				CLANG_WARN_DIRECT_OBJC_ISA_USAGE = YES_ERROR;
				CLANG_WARN_DOCUMENTATION_COMMENTS = YES;
				CLANG_WARN_EMPTY_BODY = YES;
				CLANG_WARN_ENUM_CONVERSION = YES;
				CLANG_WARN_INFINITE_RECURSION = YES;
				CLANG_WARN_INT_CONVERSION = YES;
				CLANG_WARN_NON_LITERAL_NULL_CONVERSION = YES;
				CLANG_WARN_OBJC_IMPLICIT_RETAIN_SELF = YES;
				CLANG_WARN_OBJC_LITERAL_CONVERSION = YES;
				CLANG_WARN_OBJC_ROOT_CLASS = YES_ERROR;
				CLANG_WARN_RANGE_LOOP_ANALYSIS = YES;
				CLANG_WARN_STRICT_PROTOTYPES = YES;
				CLANG_WARN_SUSPICIOUS_MOVE = YES;
				CLANG_WARN_UNGUARDED_AVAILABILITY = YES_AGGRESSIVE;
				CLANG_WARN_UNREACHABLE_CODE = YES;
				CLANG_WARN__DUPLICATE_METHOD_MATCH = YES;
				CODE_SIGN_IDENTITY = "iPhone Developer";
				COPY_PHASE_STRIP = NO;
				DEBUG_INFORMATION_FORMAT = "dwarf-with-dsym";
				ENABLE_NS_ASSERTIONS = NO;
				ENABLE_STRICT_OBJC_MSGSEND = YES;
				GCC_C_LANGUAGE_STANDARD = gnu11;
				GCC_NO_COMMON_BLOCKS = YES;
				GCC_WARN_64_TO_32_BIT_CONVERSION = YES;
				GCC_WARN_ABOUT_RETURN_TYPE = YES_ERROR;
				GCC_WARN_UNDECLARED_SELECTOR = YES;
				GCC_WARN_UNINITIALIZED_AUTOS = YES_AGGRESSIVE;
				GCC_WARN_UNUSED_FUNCTION = YES;
				GCC_WARN_UNUSED_VARIABLE = YES;
				IPHONEOS_DEPLOYMENT_TARGET = 12.1;
				MTL_ENABLE_DEBUG_INFO = NO;
				MTL_FAST_MATH = YES;
				SDKROOT = iphoneos;
				SWIFT_COMPILATION_MODE = wholemodule;
				SWIFT_OPTIMIZATION_LEVEL = "-O";
				VALIDATE_PRODUCT = YES;
			};
			name = Release;
		};
		78DC3E112D21AC0A00471188 /* Debug */ = {
			isa = XCBuildConfiguration;
			buildSettings = {
				ASSETCATALOG_COMPILER_APPICON_NAME = AppIcon;
				CODE_SIGN_STYLE = Automatic;
				INFOPLIST_FILE = CurrencyConverter/Info.plist;
				LD_RUNPATH_SEARCH_PATHS = (
					"$(inherited)",
					"@executable_path/Frameworks",
				);
				PRODUCT_BUNDLE_IDENTIFIER = Aroskay.CurrencyConverter;
				PRODUCT_NAME = "$(TARGET_NAME)";
				SWIFT_VERSION = 4.2;
				TARGETED_DEVICE_FAMILY = "1,2";
			};
			name = Debug;
		};
		78DC3E122D21AC0A00471188 /* Release */ = {
			isa = XCBuildConfiguration;
			buildSettings = {
				ASSETCATALOG_COMPILER_APPICON_NAME = AppIcon;
				CODE_SIGN_STYLE = Automatic;
				INFOPLIST_FILE = CurrencyConverter/Info.plist;
				LD_RUNPATH_SEARCH_PATHS = (
					"$(inherited)",
					"@executable_path/Frameworks",
				);
				PRODUCT_BUNDLE_IDENTIFIER = Aroskay.CurrencyConverter;
				PRODUCT_NAME = "$(TARGET_NAME)";
				SWIFT_VERSION = 4.2;
				TARGETED_DEVICE_FAMILY = "1,2";
			};
			name = Release;
		};
		78DC3E142D21AC0A00471188 /* Debug */ = {
			isa = XCBuildConfiguration;
			buildSettings = {
				ALWAYS_EMBED_SWIFT_STANDARD_LIBRARIES = YES;
				BUNDLE_LOADER = "$(TEST_HOST)";
				CODE_SIGN_STYLE = Automatic;
				INFOPLIST_FILE = CurrencyConverterTests/Info.plist;
				LD_RUNPATH_SEARCH_PATHS = (
					"$(inherited)",
					"@executable_path/Frameworks",
					"@loader_path/Frameworks",
				);
				PRODUCT_BUNDLE_IDENTIFIER = Aroskay.CurrencyConverterTests;
				PRODUCT_NAME = "$(TARGET_NAME)";
				SWIFT_VERSION = 4.2;
				TARGETED_DEVICE_FAMILY = "1,2";
				TEST_HOST = "$(BUILT_PRODUCTS_DIR)/CurrencyConverter.app/CurrencyConverter";
			};
			name = Debug;
		};
		78DC3E152D21AC0A00471188 /* Release */ = {
			isa = XCBuildConfiguration;
			buildSettings = {
				ALWAYS_EMBED_SWIFT_STANDARD_LIBRARIES = YES;
				BUNDLE_LOADER = "$(TEST_HOST)";
				CODE_SIGN_STYLE = Automatic;
				INFOPLIST_FILE = CurrencyConverterTests/Info.plist;
				LD_RUNPATH_SEARCH_PATHS = (
					"$(inherited)",
					"@executable_path/Frameworks",
					"@loader_path/Frameworks",
				);
				PRODUCT_BUNDLE_IDENTIFIER = Aroskay.CurrencyConverterTests;
				PRODUCT_NAME = "$(TARGET_NAME)";
				SWIFT_VERSION = 4.2;
				TARGETED_DEVICE_FAMILY = "1,2";
				TEST_HOST = "$(BUILT_PRODUCTS_DIR)/CurrencyConverter.app/CurrencyConverter";
			};
			name = Release;
		};
		78DC3E172D21AC0A00471188 /* Debug */ = {
			isa = XCBuildConfiguration;
			buildSettings = {
				ALWAYS_EMBED_SWIFT_STANDARD_LIBRARIES = YES;
				CODE_SIGN_STYLE = Automatic;
				INFOPLIST_FILE = CurrencyConverterUITests/Info.plist;
				LD_RUNPATH_SEARCH_PATHS = (
					"$(inherited)",
					"@executable_path/Frameworks",
					"@loader_path/Frameworks",
				);
				PRODUCT_BUNDLE_IDENTIFIER = Aroskay.CurrencyConverterUITests;
				PRODUCT_NAME = "$(TARGET_NAME)";
				SWIFT_VERSION = 4.2;
				TARGETED_DEVICE_FAMILY = "1,2";
				TEST_TARGET_NAME = CurrencyConverter;
			};
			name = Debug;
		};
		78DC3E182D21AC0A00471188 /* Release */ = {
			isa = XCBuildConfiguration;
			buildSettings = {
				ALWAYS_EMBED_SWIFT_STANDARD_LIBRARIES = YES;
				CODE_SIGN_STYLE = Automatic;
				INFOPLIST_FILE = CurrencyConverterUITests/Info.plist;
				LD_RUNPATH_SEARCH_PATHS = (
					"$(inherited)",
					"@executable_path/Frameworks",
					"@loader_path/Frameworks",
				);
				PRODUCT_BUNDLE_IDENTIFIER = Aroskay.CurrencyConverterUITests;
				PRODUCT_NAME = "$(TARGET_NAME)";
				SWIFT_VERSION = 4.2;
				TARGETED_DEVICE_FAMILY = "1,2";
				TEST_TARGET_NAME = CurrencyConverter;
			};
			name = Release;
		};
/* End XCBuildConfiguration section */

/* Begin XCConfigurationList section */
		78DC3DE02D21AC0500471188 /* Build configuration list for PBXProject "CurrencyConverter" */ = {
			isa = XCConfigurationList;
			buildConfigurations = (
				78DC3E0E2D21AC0A00471188 /* Debug */,
				78DC3E0F2D21AC0A00471188 /* Release */,
			);
			defaultConfigurationIsVisible = 0;
			defaultConfigurationName = Release;
		};
		78DC3E102D21AC0A00471188 /* Build configuration list for PBXNativeTarget "CurrencyConverter" */ = {
			isa = XCConfigurationList;
			buildConfigurations = (
				78DC3E112D21AC0A00471188 /* Debug */,
				78DC3E122D21AC0A00471188 /* Release */,
			);
			defaultConfigurationIsVisible = 0;
			defaultConfigurationName = Release;
		};
		78DC3E132D21AC0A00471188 /* Build configuration list for PBXNativeTarget "CurrencyConverterTests" */ = {
			isa = XCConfigurationList;
			buildConfigurations = (
				78DC3E142D21AC0A00471188 /* Debug */,
				78DC3E152D21AC0A00471188 /* Release */,
			);
			defaultConfigurationIsVisible = 0;
			defaultConfigurationName = Release;
		};
		78DC3E162D21AC0A00471188 /* Build configuration list for PBXNativeTarget "CurrencyConverterUITests" */ = {
			isa = XCConfigurationList;
			buildConfigurations = (
				78DC3E172D21AC0A00471188 /* Debug */,
				78DC3E182D21AC0A00471188 /* Release */,
			);
			defaultConfigurationIsVisible = 0;
			defaultConfigurationName = Release;
		};
/* End XCConfigurationList section */

/* Begin XCVersionGroup section */
		78DC3DEF2D21AC0500471188 /* CurrencyConverter.xcdatamodeld */ = {
			isa = XCVersionGroup;
			children = (
				78DC3DF02D21AC0500471188 /* CurrencyConverter.xcdatamodel */,
			);
			currentVersion = 78DC3DF02D21AC0500471188 /* CurrencyConverter.xcdatamodel */;
			path = CurrencyConverter.xcdatamodeld;
			sourceTree = "<group>";
			versionGroupType = wrapper.xcdatamodel;
		};
/* End XCVersionGroup section */
	};
	rootObject = 78DC3DDD2D21AC0500471188 /* Project object */;
}
